
Microsoft Visual Studio Solution File, Format Version 12.00
# Visual Studio Version 17
VisualStudioVersion = 17.0.31903.59
MinimumVisualStudioVersion = 10.0.40219.1
Project("{FAE04EC0-301F-11D3-BF4B-00C04F79EFBC}") = "Domain", "Domain\Domain.csproj", "{E5F7A91A-E9BC-4D79-A91B-423E2FC1A5C1}"
EndProject
Project("{FAE04EC0-301F-11D3-BF4B-00C04F79EFBC}") = "Application", "Application\Application.csproj", "{B03CE55F-05EE-4300-BAD7-F702429D092B}"
EndProject
Project("{FAE04EC0-301F-11D3-BF4B-00C04F79EFBC}") = "Infrastructure", "Infrastructure\Infrastructure.csproj", "{0E90F736-8546-4700-BB05-BE3BF0C1F0D7}"
EndProject
Project("{FAE04EC0-301F-11D3-BF4B-00C04F79EFBC}") = "Rest", "Rest\Rest.csproj", "{B1C57B8B-EE6D-4300-B9A6-E1AA23F81E91}"
EndProject
Global
	GlobalSection(SolutionConfigurationPlatforms) = preSolution
		Debug|Any CPU = Debug|Any CPU
		Release|Any CPU = Release|Any CPU
	EndGlobalSection
	GlobalSection(SolutionProperties) = preSolution
		HideSolutionNode = FALSE
	EndGlobalSection
	GlobalSection(ProjectConfigurationPlatforms) = postSolution
		{E5F7A91A-E9BC-4D79-A91B-423E2FC1A5C1}.Debug|Any CPU.ActiveCfg = Debug|Any CPU
		{E5F7A91A-E9BC-4D79-A91B-423E2FC1A5C1}.Debug|Any CPU.Build.0 = Debug|Any CPU
		{E5F7A91A-E9BC-4D79-A91B-423E2FC1A5C1}.Release|Any CPU.ActiveCfg = Release|Any CPU
		{E5F7A91A-E9BC-4D79-A91B-423E2FC1A5C1}.Release|Any CPU.Build.0 = Release|Any CPU
		{B03CE55F-05EE-4300-BAD7-F702429D092B}.Debug|Any CPU.ActiveCfg = Debug|Any CPU
		{B03CE55F-05EE-4300-BAD7-F702429D092B}.Debug|Any CPU.Build.0 = Debug|Any CPU
		{B03CE55F-05EE-4300-BAD7-F702429D092B}.Release|Any CPU.ActiveCfg = Release|Any CPU
		{B03CE55F-05EE-4300-BAD7-F702429D092B}.Release|Any CPU.Build.0 = Release|Any CPU
		{0E90F736-8546-4700-BB05-BE3BF0C1F0D7}.Debug|Any CPU.ActiveCfg = Debug|Any CPU
		{0E90F736-8546-4700-BB05-BE3BF0C1F0D7}.Debug|Any CPU.Build.0 = Debug|Any CPU
		{0E90F736-8546-4700-BB05-BE3BF0C1F0D7}.Release|Any CPU.ActiveCfg = Release|Any CPU
		{0E90F736-8546-4700-BB05-BE3BF0C1F0D7}.Release|Any CPU.Build.0 = Release|Any CPU
		{B1C57B8B-EE6D-4300-B9A6-E1AA23F81E91}.Debug|Any CPU.ActiveCfg = Debug|Any CPU
		{B1C57B8B-EE6D-4300-B9A6-E1AA23F81E91}.Debug|Any CPU.Build.0 = Debug|Any CPU
		{B1C57B8B-EE6D-4300-B9A6-E1AA23F81E91}.Release|Any CPU.ActiveCfg = Release|Any CPU
		{B1C57B8B-EE6D-4300-B9A6-E1AA23F81E91}.Release|Any CPU.Build.0 = Release|Any CPU
	EndGlobalSection
EndGlobal
